
Microsoft Visual Studio Solution File, Format Version 12.00
# Visual Studio Version 16
VisualStudioVersion = 16.0.31624.102
MinimumVisualStudioVersion = 10.0.40219.1
Project("{FAE04EC0-301F-11D3-BF4B-00C04F79EFBC}") = "Strukture", "Strukture\Strukture.csproj", "{7052CA6D-F499-4579-95DF-3CFD28861826}"
EndProject
Global
	GlobalSection(SolutionConfigurationPlatforms) = preSolution
		Debug|Any CPU = Debug|Any CPU
		Release|Any CPU = Release|Any CPU
	EndGlobalSection
	GlobalSection(ProjectConfigurationPlatforms) = postSolution
		{7052CA6D-F499-4579-95DF-3CFD28861826}.Debug|Any CPU.ActiveCfg = Debug|Any CPU
		{7052CA6D-F499-4579-95DF-3CFD28861826}.Debug|Any CPU.Build.0 = Debug|Any CPU
		{7052CA6D-F499-4579-95DF-3CFD28861826}.Release|Any CPU.ActiveCfg = Release|Any CPU
		{7052CA6D-F499-4579-95DF-3CFD28861826}.Release|Any CPU.Build.0 = Release|Any CPU
	EndGlobalSection
	GlobalSection(SolutionProperties) = preSolution
		HideSolutionNode = FALSE
	EndGlobalSection
	GlobalSection(ExtensibilityGlobals) = postSolution
		SolutionGuid = {54BA32B7-9130-4CB4-B156-48BFBC3A4056}
	EndGlobalSection
EndGlobal
