
Microsoft Visual Studio Solution File, Format Version 12.00
# Visual Studio Version 16
VisualStudioVersion = 16.0.31624.102
MinimumVisualStudioVersion = 10.0.40219.1
Project("{FAE04EC0-301F-11D3-BF4B-00C04F79EFBC}") = "HanojskiStolpi", "HanojskiStolpi\HanojskiStolpi.csproj", "{D928CF60-E91C-41CE-9153-319F37364899}"
EndProject
Global
	GlobalSection(SolutionConfigurationPlatforms) = preSolution
		Debug|Any CPU = Debug|Any CPU
		Release|Any CPU = Release|Any CPU
	EndGlobalSection
	GlobalSection(ProjectConfigurationPlatforms) = postSolution
		{D928CF60-E91C-41CE-9153-319F37364899}.Debug|Any CPU.ActiveCfg = Debug|Any CPU
		{D928CF60-E91C-41CE-9153-319F37364899}.Debug|Any CPU.Build.0 = Debug|Any CPU
		{D928CF60-E91C-41CE-9153-319F37364899}.Release|Any CPU.ActiveCfg = Release|Any CPU
		{D928CF60-E91C-41CE-9153-319F37364899}.Release|Any CPU.Build.0 = Release|Any CPU
	EndGlobalSection
	GlobalSection(SolutionProperties) = preSolution
		HideSolutionNode = FALSE
	EndGlobalSection
	GlobalSection(ExtensibilityGlobals) = postSolution
		SolutionGuid = {1612D702-0C06-49FC-90E5-3D0A25764CA7}
	EndGlobalSection
EndGlobal
