
Microsoft Visual Studio Solution File, Format Version 12.00
# Visual Studio Version 16
VisualStudioVersion = 16.0.31624.102
MinimumVisualStudioVersion = 10.0.40219.1
Project("{FAE04EC0-301F-11D3-BF4B-00C04F79EFBC}") = "ArrayList", "ArrayList\ArrayList.csproj", "{5C5ADFB1-3D1F-4C08-B25E-3C5844A6B2B6}"
EndProject
Global
	GlobalSection(SolutionConfigurationPlatforms) = preSolution
		Debug|Any CPU = Debug|Any CPU
		Release|Any CPU = Release|Any CPU
	EndGlobalSection
	GlobalSection(ProjectConfigurationPlatforms) = postSolution
		{5C5ADFB1-3D1F-4C08-B25E-3C5844A6B2B6}.Debug|Any CPU.ActiveCfg = Debug|Any CPU
		{5C5ADFB1-3D1F-4C08-B25E-3C5844A6B2B6}.Debug|Any CPU.Build.0 = Debug|Any CPU
		{5C5ADFB1-3D1F-4C08-B25E-3C5844A6B2B6}.Release|Any CPU.ActiveCfg = Release|Any CPU
		{5C5ADFB1-3D1F-4C08-B25E-3C5844A6B2B6}.Release|Any CPU.Build.0 = Release|Any CPU
	EndGlobalSection
	GlobalSection(SolutionProperties) = preSolution
		HideSolutionNode = FALSE
	EndGlobalSection
	GlobalSection(ExtensibilityGlobals) = postSolution
		SolutionGuid = {7A108A7A-DB6A-4E0C-9FD3-3B16DC262425}
	EndGlobalSection
EndGlobal
