
Microsoft Visual Studio Solution File, Format Version 12.00
# Visual Studio Version 16
VisualStudioVersion = 16.0.31624.102
MinimumVisualStudioVersion = 10.0.40219.1
Project("{FAE04EC0-301F-11D3-BF4B-00C04F79EFBC}") = "Vaja_deserializacija", "Vaja_deserializacija\Vaja_deserializacija.csproj", "{38354771-E3F3-4F2C-9408-B507CFFDC2FC}"
EndProject
Global
	GlobalSection(SolutionConfigurationPlatforms) = preSolution
		Debug|Any CPU = Debug|Any CPU
		Release|Any CPU = Release|Any CPU
	EndGlobalSection
	GlobalSection(ProjectConfigurationPlatforms) = postSolution
		{38354771-E3F3-4F2C-9408-B507CFFDC2FC}.Debug|Any CPU.ActiveCfg = Debug|Any CPU
		{38354771-E3F3-4F2C-9408-B507CFFDC2FC}.Debug|Any CPU.Build.0 = Debug|Any CPU
		{38354771-E3F3-4F2C-9408-B507CFFDC2FC}.Release|Any CPU.ActiveCfg = Release|Any CPU
		{38354771-E3F3-4F2C-9408-B507CFFDC2FC}.Release|Any CPU.Build.0 = Release|Any CPU
	EndGlobalSection
	GlobalSection(SolutionProperties) = preSolution
		HideSolutionNode = FALSE
	EndGlobalSection
	GlobalSection(ExtensibilityGlobals) = postSolution
		SolutionGuid = {60A47D6F-C74D-4925-A624-08E9D5D6D651}
	EndGlobalSection
EndGlobal
