
Microsoft Visual Studio Solution File, Format Version 12.00
# Visual Studio Version 16
VisualStudioVersion = 16.0.31624.102
MinimumVisualStudioVersion = 10.0.40219.1
Project("{FAE04EC0-301F-11D3-BF4B-00C04F79EFBC}") = "pravokotniki", "pravokotniki\pravokotniki.csproj", "{05862192-3411-4C97-8C99-ABF5DE0AEFB0}"
EndProject
Global
	GlobalSection(SolutionConfigurationPlatforms) = preSolution
		Debug|Any CPU = Debug|Any CPU
		Release|Any CPU = Release|Any CPU
	EndGlobalSection
	GlobalSection(ProjectConfigurationPlatforms) = postSolution
		{05862192-3411-4C97-8C99-ABF5DE0AEFB0}.Debug|Any CPU.ActiveCfg = Debug|Any CPU
		{05862192-3411-4C97-8C99-ABF5DE0AEFB0}.Debug|Any CPU.Build.0 = Debug|Any CPU
		{05862192-3411-4C97-8C99-ABF5DE0AEFB0}.Release|Any CPU.ActiveCfg = Release|Any CPU
		{05862192-3411-4C97-8C99-ABF5DE0AEFB0}.Release|Any CPU.Build.0 = Release|Any CPU
	EndGlobalSection
	GlobalSection(SolutionProperties) = preSolution
		HideSolutionNode = FALSE
	EndGlobalSection
	GlobalSection(ExtensibilityGlobals) = postSolution
		SolutionGuid = {2B9A8CD7-E3B0-4F62-858E-B733D2CEF4A2}
	EndGlobalSection
EndGlobal
