
Microsoft Visual Studio Solution File, Format Version 12.00
# Visual Studio Version 16
VisualStudioVersion = 16.0.31624.102
MinimumVisualStudioVersion = 10.0.40219.1
Project("{FAE04EC0-301F-11D3-BF4B-00C04F79EFBC}") = "Primer_json", "Primer_json\Primer_json.csproj", "{894E8EBE-CAC0-4D60-A142-1D128A0412FB}"
EndProject
Global
	GlobalSection(SolutionConfigurationPlatforms) = preSolution
		Debug|Any CPU = Debug|Any CPU
		Release|Any CPU = Release|Any CPU
	EndGlobalSection
	GlobalSection(ProjectConfigurationPlatforms) = postSolution
		{894E8EBE-CAC0-4D60-A142-1D128A0412FB}.Debug|Any CPU.ActiveCfg = Debug|Any CPU
		{894E8EBE-CAC0-4D60-A142-1D128A0412FB}.Debug|Any CPU.Build.0 = Debug|Any CPU
		{894E8EBE-CAC0-4D60-A142-1D128A0412FB}.Release|Any CPU.ActiveCfg = Release|Any CPU
		{894E8EBE-CAC0-4D60-A142-1D128A0412FB}.Release|Any CPU.Build.0 = Release|Any CPU
	EndGlobalSection
	GlobalSection(SolutionProperties) = preSolution
		HideSolutionNode = FALSE
	EndGlobalSection
	GlobalSection(ExtensibilityGlobals) = postSolution
		SolutionGuid = {B41F30C2-1D8D-4FF7-B30C-6042A4C38C34}
	EndGlobalSection
EndGlobal
